
Microsoft Visual Studio Solution File, Format Version 12.00
# Visual Studio Version 16
VisualStudioVersion = 16.0.31515.178
MinimumVisualStudioVersion = 10.0.40219.1
Project("{9A19103F-16F7-4668-BE54-9A1E7A4F7556}") = "Entities", "Entities\Entities.csproj", "{361E1EB7-B6F8-485C-8BE1-56E4B6080548}"
EndProject
Project("{9A19103F-16F7-4668-BE54-9A1E7A4F7556}") = "DataAccess", "DataAccess\DataAccess.csproj", "{FFAFBF2B-C8C1-4C8C-B03D-49D09B494EFD}"
EndProject
Project("{9A19103F-16F7-4668-BE54-9A1E7A4F7556}") = "Business", "Business\Business.csproj", "{FBCA466B-0F6A-4DB9-BECC-B2E24A1E889B}"
EndProject
Project("{9A19103F-16F7-4668-BE54-9A1E7A4F7556}") = "Core", "Core\Core.csproj", "{75AA8099-DC28-435A-AA23-8491ABD8BA45}"
EndProject
Project("{9A19103F-16F7-4668-BE54-9A1E7A4F7556}") = "WebAPI", "WebAPI\WebAPI.csproj", "{7C4A20FE-CBE0-4133-B1CB-92E9CB9F55DA}"
EndProject
Global
	GlobalSection(SolutionConfigurationPlatforms) = preSolution
		Debug|Any CPU = Debug|Any CPU
		Release|Any CPU = Release|Any CPU
	EndGlobalSection
	GlobalSection(ProjectConfigurationPlatforms) = postSolution
		{361E1EB7-B6F8-485C-8BE1-56E4B6080548}.Debug|Any CPU.ActiveCfg = Debug|Any CPU
		{361E1EB7-B6F8-485C-8BE1-56E4B6080548}.Debug|Any CPU.Build.0 = Debug|Any CPU
		{361E1EB7-B6F8-485C-8BE1-56E4B6080548}.Release|Any CPU.ActiveCfg = Release|Any CPU
		{361E1EB7-B6F8-485C-8BE1-56E4B6080548}.Release|Any CPU.Build.0 = Release|Any CPU
		{FFAFBF2B-C8C1-4C8C-B03D-49D09B494EFD}.Debug|Any CPU.ActiveCfg = Debug|Any CPU
		{FFAFBF2B-C8C1-4C8C-B03D-49D09B494EFD}.Debug|Any CPU.Build.0 = Debug|Any CPU
		{FFAFBF2B-C8C1-4C8C-B03D-49D09B494EFD}.Release|Any CPU.ActiveCfg = Release|Any CPU
		{FFAFBF2B-C8C1-4C8C-B03D-49D09B494EFD}.Release|Any CPU.Build.0 = Release|Any CPU
		{FBCA466B-0F6A-4DB9-BECC-B2E24A1E889B}.Debug|Any CPU.ActiveCfg = Debug|Any CPU
		{FBCA466B-0F6A-4DB9-BECC-B2E24A1E889B}.Debug|Any CPU.Build.0 = Debug|Any CPU
		{FBCA466B-0F6A-4DB9-BECC-B2E24A1E889B}.Release|Any CPU.ActiveCfg = Release|Any CPU
		{FBCA466B-0F6A-4DB9-BECC-B2E24A1E889B}.Release|Any CPU.Build.0 = Release|Any CPU
		{75AA8099-DC28-435A-AA23-8491ABD8BA45}.Debug|Any CPU.ActiveCfg = Debug|Any CPU
		{75AA8099-DC28-435A-AA23-8491ABD8BA45}.Debug|Any CPU.Build.0 = Debug|Any CPU
		{75AA8099-DC28-435A-AA23-8491ABD8BA45}.Release|Any CPU.ActiveCfg = Release|Any CPU
		{75AA8099-DC28-435A-AA23-8491ABD8BA45}.Release|Any CPU.Build.0 = Release|Any CPU
		{7C4A20FE-CBE0-4133-B1CB-92E9CB9F55DA}.Debug|Any CPU.ActiveCfg = Debug|Any CPU
		{7C4A20FE-CBE0-4133-B1CB-92E9CB9F55DA}.Debug|Any CPU.Build.0 = Debug|Any CPU
		{7C4A20FE-CBE0-4133-B1CB-92E9CB9F55DA}.Release|Any CPU.ActiveCfg = Release|Any CPU
		{7C4A20FE-CBE0-4133-B1CB-92E9CB9F55DA}.Release|Any CPU.Build.0 = Release|Any CPU
	EndGlobalSection
	GlobalSection(SolutionProperties) = preSolution
		HideSolutionNode = FALSE
	EndGlobalSection
	GlobalSection(ExtensibilityGlobals) = postSolution
		SolutionGuid = {7C29E8A0-B218-48F8-8E77-E9A3C91CCFFA}
	EndGlobalSection
EndGlobal
